
Microsoft Visual Studio Solution File, Format Version 12.00
# Visual Studio 2013
VisualStudioVersion = 12.0.30723.0
MinimumVisualStudioVersion = 10.0.40219.1
Project("{FAE04EC0-301F-11D3-BF4B-00C04F79EFBC}") = "MyClientForMSExchange", "MyClientForMSExchange\MyClientForMSExchange.csproj", "{3CD87B2C-576F-40B8-A20A-52D977C5E98B}"
EndProject
Project("{FAE04EC0-301F-11D3-BF4B-00C04F79EFBC}") = "MyClient.Core", "MyClient.Core\MyClient.Core.csproj", "{897F9C49-C1BD-4DDA-8EDF-61A4FC8F1993}"
EndProject
Project("{FAE04EC0-301F-11D3-BF4B-00C04F79EFBC}") = "Core.EntityFrameworkDAL", "Core.EntityFrameworkDAL\Core.EntityFrameworkDAL.csproj", "{A2BF281F-FA9B-4C20-9DE1-B176DB62C3B5}"
EndProject
Global
	GlobalSection(SolutionConfigurationPlatforms) = preSolution
		Debug|Any CPU = Debug|Any CPU
		Release|Any CPU = Release|Any CPU
	EndGlobalSection
	GlobalSection(ProjectConfigurationPlatforms) = postSolution
		{3CD87B2C-576F-40B8-A20A-52D977C5E98B}.Debug|Any CPU.ActiveCfg = Debug|Any CPU
		{3CD87B2C-576F-40B8-A20A-52D977C5E98B}.Debug|Any CPU.Build.0 = Debug|Any CPU
		{3CD87B2C-576F-40B8-A20A-52D977C5E98B}.Release|Any CPU.ActiveCfg = Release|Any CPU
		{3CD87B2C-576F-40B8-A20A-52D977C5E98B}.Release|Any CPU.Build.0 = Release|Any CPU
		{897F9C49-C1BD-4DDA-8EDF-61A4FC8F1993}.Debug|Any CPU.ActiveCfg = Debug|Any CPU
		{897F9C49-C1BD-4DDA-8EDF-61A4FC8F1993}.Debug|Any CPU.Build.0 = Debug|Any CPU
		{897F9C49-C1BD-4DDA-8EDF-61A4FC8F1993}.Release|Any CPU.ActiveCfg = Release|Any CPU
		{897F9C49-C1BD-4DDA-8EDF-61A4FC8F1993}.Release|Any CPU.Build.0 = Release|Any CPU
		{A2BF281F-FA9B-4C20-9DE1-B176DB62C3B5}.Debug|Any CPU.ActiveCfg = Debug|Any CPU
		{A2BF281F-FA9B-4C20-9DE1-B176DB62C3B5}.Debug|Any CPU.Build.0 = Debug|Any CPU
		{A2BF281F-FA9B-4C20-9DE1-B176DB62C3B5}.Release|Any CPU.ActiveCfg = Release|Any CPU
		{A2BF281F-FA9B-4C20-9DE1-B176DB62C3B5}.Release|Any CPU.Build.0 = Release|Any CPU
	EndGlobalSection
	GlobalSection(SolutionProperties) = preSolution
		HideSolutionNode = FALSE
	EndGlobalSection
EndGlobal
